
Microsoft Visual Studio Solution File, Format Version 12.00
# Visual Studio Version 17
VisualStudioVersion = 17.2.32616.157
MinimumVisualStudioVersion = 10.0.40219.1
Project("{FAE04EC0-301F-11D3-BF4B-00C04F79EFBC}") = "E-Commerce", "E-Commerce\E-Commerce.csproj", "{FB88EE38-54DC-44A2-8BA7-471193E24760}"
EndProject
Global
	GlobalSection(SolutionConfigurationPlatforms) = preSolution
		Debug|Any CPU = Debug|Any CPU
		Release|Any CPU = Release|Any CPU
	EndGlobalSection
	GlobalSection(ProjectConfigurationPlatforms) = postSolution
		{FB88EE38-54DC-44A2-8BA7-471193E24760}.Debug|Any CPU.ActiveCfg = Debug|Any CPU
		{FB88EE38-54DC-44A2-8BA7-471193E24760}.Debug|Any CPU.Build.0 = Debug|Any CPU
		{FB88EE38-54DC-44A2-8BA7-471193E24760}.Release|Any CPU.ActiveCfg = Release|Any CPU
		{FB88EE38-54DC-44A2-8BA7-471193E24760}.Release|Any CPU.Build.0 = Release|Any CPU
	EndGlobalSection
	GlobalSection(SolutionProperties) = preSolution
		HideSolutionNode = FALSE
	EndGlobalSection
	GlobalSection(ExtensibilityGlobals) = postSolution
		SolutionGuid = {5208D148-B566-4BA9-AFD0-E57DFA3DB64D}
	EndGlobalSection
EndGlobal
